{
  "name": "SettingsSync",
  "version": "1.0.0",
  "lockfileVersion": 3,
  "requires": true,
  "packages": {
    "": {
      "name": "SettingsSync",
      "version": "1.0.0",
      "hasInstallScript": true,
      "license": "MIT",
      "dependencies": {
        "better-gdrive": "^0.2.0",
        "zod": "*"
      }
    },
    "node_modules/better-gdrive": {
      "version": "0.2.0",
      "resolved": "https://registry.npmjs.org/better-gdrive/-/better-gdrive-0.2.0.tgz",
      "integrity": "sha512-CwThGAD85chXo1KnTV4PS9okd/B3tBHV54wIqZCdVK3Mba3kZXAxGOqTSQ57iZumtrBZH2hlWmYrUCe/3FoIwA==",
      "license": "MIT",
      "engines": {
        "node": ">=18"
      }
    },
    "node_modules/zod": {
      "version": "4.4.3",
      "resolved": "https://registry.npmjs.org/zod/-/zod-4.4.3.tgz",
      "integrity": "sha512-ytENFjIJFl2UwYglde2jchW2Hwm4GJFLDiSXWdTrJQBIN9Fcyp7n4DhxJEiWNAJMV1/BqWfW/kkg71UDcHJyTQ==",
      "license": "MIT",
      "funding": {
        "url": "https://github.com/sponsors/colinhacks"
      }
    }
  }
}
